// !$*UTF8*$!
{
	archiveVersion = 1;
	classes = {
	};
	objectVersion = 50;
	objects = {

/* Begin PBXBuildFile section */
		1826568524CD90AC006DA1CA /* AppDelegate.swift in Sources */ = {isa = PBXBuildFile; fileRef = 1826568424CD90AC006DA1CA /* AppDelegate.swift */; };
		1826568724CD90AC006DA1CA /* SceneDelegate.swift in Sources */ = {isa = PBXBuildFile; fileRef = 1826568624CD90AC006DA1CA /* SceneDelegate.swift */; };
		1826568924CD90AC006DA1CA /* MemeEditorViewController.swift in Sources */ = {isa = PBXBuildFile; fileRef = 1826568824CD90AC006DA1CA /* MemeEditorViewController.swift */; };
		1826568C24CD90AC006DA1CA /* Main.storyboard in Resources */ = {isa = PBXBuildFile; fileRef = 1826568A24CD90AC006DA1CA /* Main.storyboard */; };
		1826568E24CD90AC006DA1CA /* Assets.xcassets in Resources */ = {isa = PBXBuildFile; fileRef = 1826568D24CD90AC006DA1CA /* Assets.xcassets */; };
		1826569124CD90AC006DA1CA /* LaunchScreen.storyboard in Resources */ = {isa = PBXBuildFile; fileRef = 1826568F24CD90AC006DA1CA /* LaunchScreen.storyboard */; };
		18B8647B24D005E500A8B834 /* MemeModel.swift in Sources */ = {isa = PBXBuildFile; fileRef = 18B8647A24D005E500A8B834 /* MemeModel.swift */; };
		18C4EC6424E17C27005B4F69 /* SentMemesTableViewController.swift in Sources */ = {isa = PBXBuildFile; fileRef = 18C4EC6324E17C27005B4F69 /* SentMemesTableViewController.swift */; };
		18C4EC6624E3D277005B4F69 /* SentMemesCollectionViewController.swift in Sources */ = {isa = PBXBuildFile; fileRef = 18C4EC6524E3D277005B4F69 /* SentMemesCollectionViewController.swift */; };
		18C4EC6824E3D403005B4F69 /* SentMemesCollectionViewCell.swift in Sources */ = {isa = PBXBuildFile; fileRef = 18C4EC6724E3D403005B4F69 /* SentMemesCollectionViewCell.swift */; };
		18FBA45524E552FC00F9802E /* MemeDetailViewController.swift in Sources */ = {isa = PBXBuildFile; fileRef = 18FBA45424E552FC00F9802E /* MemeDetailViewController.swift */; };
/* End PBXBuildFile section */

/* Begin PBXFileReference section */
		1826568124CD90AC006DA1CA /* MemeMe.app */ = {isa = PBXFileReference; explicitFileType = wrapper.application; includeInIndex = 0; path = MemeMe.app; sourceTree = BUILT_PRODUCTS_DIR; };
		1826568424CD90AC006DA1CA /* AppDelegate.swift */ = {isa = PBXFileReference; lastKnownFileType = sourcecode.swift; path = AppDelegate.swift; sourceTree = "<group>"; };
		1826568624CD90AC006DA1CA /* SceneDelegate.swift */ = {isa = PBXFileReference; lastKnownFileType = sourcecode.swift; path = SceneDelegate.swift; sourceTree = "<group>"; };
		1826568824CD90AC006DA1CA /* MemeEditorViewController.swift */ = {isa = PBXFileReference; lastKnownFileType = sourcecode.swift; path = MemeEditorViewController.swift; sourceTree = "<group>"; };
		1826568B24CD90AC006DA1CA /* Base */ = {isa = PBXFileReference; lastKnownFileType = file.storyboard; name = Base; path = Base.lproj/Main.storyboard; sourceTree = "<group>"; };
		1826568D24CD90AC006DA1CA /* Assets.xcassets */ = {isa = PBXFileReference; lastKnownFileType = folder.assetcatalog; path = Assets.xcassets; sourceTree = "<group>"; };
		1826569024CD90AC006DA1CA /* Base */ = {isa = PBXFileReference; lastKnownFileType = file.storyboard; name = Base; path = Base.lproj/LaunchScreen.storyboard; sourceTree = "<group>"; };
		1826569224CD90AC006DA1CA /* Info.plist */ = {isa = PBXFileReference; lastKnownFileType = text.plist.xml; path = Info.plist; sourceTree = "<group>"; };
		18B8647A24D005E500A8B834 /* MemeModel.swift */ = {isa = PBXFileReference; lastKnownFileType = sourcecode.swift; path = MemeModel.swift; sourceTree = "<group>"; };
		18C4EC6324E17C27005B4F69 /* SentMemesTableViewController.swift */ = {isa = PBXFileReference; lastKnownFileType = sourcecode.swift; path = SentMemesTableViewController.swift; sourceTree = "<group>"; };
		18C4EC6524E3D277005B4F69 /* SentMemesCollectionViewController.swift */ = {isa = PBXFileReference; lastKnownFileType = sourcecode.swift; path = SentMemesCollectionViewController.swift; sourceTree = "<group>"; };
		18C4EC6724E3D403005B4F69 /* SentMemesCollectionViewCell.swift */ = {isa = PBXFileReference; lastKnownFileType = sourcecode.swift; path = SentMemesCollectionViewCell.swift; sourceTree = "<group>"; };
		18FBA45424E552FC00F9802E /* MemeDetailViewController.swift */ = {isa = PBXFileReference; lastKnownFileType = sourcecode.swift; path = MemeDetailViewController.swift; sourceTree = "<group>"; };
/* End PBXFileReference section */

/* Begin PBXFrameworksBuildPhase section */
		1826567E24CD90AC006DA1CA /* Frameworks */ = {
			isa = PBXFrameworksBuildPhase;
			buildActionMask = 2147483647;
			files = (
			);
			runOnlyForDeploymentPostprocessing = 0;
		};
/* End PBXFrameworksBuildPhase section */

/* Begin PBXGroup section */
		1826567824CD90AC006DA1CA = {
			isa = PBXGroup;
			children = (
				1826568324CD90AC006DA1CA /* MemeMe */,
				1826568224CD90AC006DA1CA /* Products */,
			);
			sourceTree = "<group>";
		};
		1826568224CD90AC006DA1CA /* Products */ = {
			isa = PBXGroup;
			children = (
				1826568124CD90AC006DA1CA /* MemeMe.app */,
			);
			name = Products;
			sourceTree = "<group>";
		};
		1826568324CD90AC006DA1CA /* MemeMe */ = {
			isa = PBXGroup;
			children = (
				1826568424CD90AC006DA1CA /* AppDelegate.swift */,
				1826568624CD90AC006DA1CA /* SceneDelegate.swift */,
				1826568824CD90AC006DA1CA /* MemeEditorViewController.swift */,
				1826568A24CD90AC006DA1CA /* Main.storyboard */,
				1826568D24CD90AC006DA1CA /* Assets.xcassets */,
				1826568F24CD90AC006DA1CA /* LaunchScreen.storyboard */,
				1826569224CD90AC006DA1CA /* Info.plist */,
				18B8647A24D005E500A8B834 /* MemeModel.swift */,
				18C4EC6324E17C27005B4F69 /* SentMemesTableViewController.swift */,
				18C4EC6524E3D277005B4F69 /* SentMemesCollectionViewController.swift */,
				18C4EC6724E3D403005B4F69 /* SentMemesCollectionViewCell.swift */,
				18FBA45424E552FC00F9802E /* MemeDetailViewController.swift */,
			);
			path = MemeMe;
			sourceTree = "<group>";
		};
/* End PBXGroup section */

/* Begin PBXNativeTarget section */
		1826568024CD90AC006DA1CA /* MemeMe */ = {
			isa = PBXNativeTarget;
			buildConfigurationList = 1826569524CD90AC006DA1CA /* Build configuration list for PBXNativeTarget "MemeMe" */;
			buildPhases = (
				1826567D24CD90AC006DA1CA /* Sources */,
				1826567E24CD90AC006DA1CA /* Frameworks */,
				1826567F24CD90AC006DA1CA /* Resources */,
			);
			buildRules = (
			);
			dependencies = (
			);
			name = MemeMe;
			productName = MemeMe;
			productReference = 1826568124CD90AC006DA1CA /* MemeMe.app */;
			productType = "com.apple.product-type.application";
		};
/* End PBXNativeTarget section */

/* Begin PBXProject section */
		1826567924CD90AC006DA1CA /* Project object */ = {
			isa = PBXProject;
			attributes = {
				LastSwiftUpdateCheck = 1130;
				LastUpgradeCheck = 1130;
				ORGANIZATIONNAME = Udacity;
				TargetAttributes = {
					1826568024CD90AC006DA1CA = {
						CreatedOnToolsVersion = 11.3.1;
					};
				};
			};
			buildConfigurationList = 1826567C24CD90AC006DA1CA /* Build configuration list for PBXProject "MemeMe" */;
			compatibilityVersion = "Xcode 9.3";
			developmentRegion = en;
			hasScannedForEncodings = 0;
			knownRegions = (
				en,
				Base,
			);
			mainGroup = 1826567824CD90AC006DA1CA;
			productRefGroup = 1826568224CD90AC006DA1CA /* Products */;
			projectDirPath = "";
			projectRoot = "";
			targets = (
				1826568024CD90AC006DA1CA /* MemeMe */,
			);
		};
/* End PBXProject section */

/* Begin PBXResourcesBuildPhase section */
		1826567F24CD90AC006DA1CA /* Resources */ = {
			isa = PBXResourcesBuildPhase;
			buildActionMask = 2147483647;
			files = (
				1826569124CD90AC006DA1CA /* LaunchScreen.storyboard in Resources */,
				1826568E24CD90AC006DA1CA /* Assets.xcassets in Resources */,
				1826568C24CD90AC006DA1CA /* Main.storyboard in Resources */,
			);
			runOnlyForDeploymentPostprocessing = 0;
		};
/* End PBXResourcesBuildPhase section */

/* Begin PBXSourcesBuildPhase section */
		1826567D24CD90AC006DA1CA /* Sources */ = {
			isa = PBXSourcesBuildPhase;
			buildActionMask = 2147483647;
			files = (
				1826568924CD90AC006DA1CA /* MemeEditorViewController.swift in Sources */,
				18C4EC6824E3D403005B4F69 /* SentMemesCollectionViewCell.swift in Sources */,
				18B8647B24D005E500A8B834 /* MemeModel.swift in Sources */,
				18C4EC6624E3D277005B4F69 /* SentMemesCollectionViewController.swift in Sources */,
				1826568524CD90AC006DA1CA /* AppDelegate.swift in Sources */,
				18C4EC6424E17C27005B4F69 /* SentMemesTableViewController.swift in Sources */,
				18FBA45524E552FC00F9802E /* MemeDetailViewController.swift in Sources */,
				1826568724CD90AC006DA1CA /* SceneDelegate.swift in Sources */,
			);
			runOnlyForDeploymentPostprocessing = 0;
		};
/* End PBXSourcesBuildPhase section */

/* Begin PBXVariantGroup section */
		1826568A24CD90AC006DA1CA /* Main.storyboard */ = {
			isa = PBXVariantGroup;
			children = (
				1826568B24CD90AC006DA1CA /* Base */,
			);
			name = Main.storyboard;
			sourceTree = "<group>";
		};
		1826568F24CD90AC006DA1CA /* LaunchScreen.storyboard */ = {
			isa = PBXVariantGroup;
			children = (
				1826569024CD90AC006DA1CA /* Base */,
			);
			name = LaunchScreen.storyboard;
			sourceTree = "<group>";
		};
/* End PBXVariantGroup section */

/* Begin XCBuildConfiguration section */
		1826569324CD90AC006DA1CA /* Debug */ = {
			isa = XCBuildConfiguration;
			buildSettings = {
				ALWAYS_SEARCH_USER_PATHS = NO;
				CLANG_ANALYZER_NONNULL = YES;
				CLANG_ANALYZER_NUMBER_OBJECT_CONVERSION = YES_AGGRESSIVE;
				CLANG_CXX_LANGUAGE_STANDARD = "gnu++14";
				CLANG_CXX_LIBRARY = "libc++";
				CLANG_ENABLE_MODULES = YES;
				CLANG_ENABLE_OBJC_ARC = YES;
				CLANG_ENABLE_OBJC_WEAK = YES;
				CLANG_WARN_BLOCK_CAPTURE_AUTORELEASING = YES;
				CLANG_WARN_BOOL_CONVERSION = YES;
				CLANG_WARN_COMMA = YES;
				CLANG_WARN_CONSTANT_CONVERSION = YES;
				CLANG_WARN_DEPRECATED_OBJC_IMPLEMENTATIONS = YES;
				CLANG_WARN_DIRECT_OBJC_ISA_USAGE = YES_ERROR;
				CLANG_WARN_DOCUMENTATION_COMMENTS = YES;
				CLANG_WARN_EMPTY_BODY = YES;
				CLANG_WARN_ENUM_CONVERSION = YES;
				CLANG_WARN_INFINITE_RECURSION = YES;
				CLANG_WARN_INT_CONVERSION = YES;
				CLANG_WARN_NON_LITERAL_NULL_CONVERSION = YES;
				CLANG_WARN_OBJC_IMPLICIT_RETAIN_SELF = YES;
				CLANG_WARN_OBJC_LITERAL_CONVERSION = YES;
				CLANG_WARN_OBJC_ROOT_CLASS = YES_ERROR;
				CLANG_WARN_RANGE_LOOP_ANALYSIS = YES;
				CLANG_WARN_STRICT_PROTOTYPES = YES;
				CLANG_WARN_SUSPICIOUS_MOVE = YES;
				CLANG_WARN_UNGUARDED_AVAILABILITY = YES_AGGRESSIVE;
				CLANG_WARN_UNREACHABLE_CODE = YES;
				CLANG_WARN__DUPLICATE_METHOD_MATCH = YES;
				COPY_PHASE_STRIP = NO;
				DEBUG_INFORMATION_FORMAT = dwarf;
				ENABLE_STRICT_OBJC_MSGSEND = YES;
				ENABLE_TESTABILITY = YES;
				GCC_C_LANGUAGE_STANDARD = gnu11;
				GCC_DYNAMIC_NO_PIC = NO;
				GCC_NO_COMMON_BLOCKS = YES;
				GCC_OPTIMIZATION_LEVEL = 0;
				GCC_PREPROCESSOR_DEFINITIONS = (
					"DEBUG=1",
					"$(inherited)",
				);
				GCC_WARN_64_TO_32_BIT_CONVERSION = YES;
				GCC_WARN_ABOUT_RETURN_TYPE = YES_ERROR;
				GCC_WARN_UNDECLARED_SELECTOR = YES;
				GCC_WARN_UNINITIALIZED_AUTOS = YES_AGGRESSIVE;
				GCC_WARN_UNUSED_FUNCTION = YES;
				GCC_WARN_UNUSED_VARIABLE = YES;
				IPHONEOS_DEPLOYMENT_TARGET = 13.2;
				MTL_ENABLE_DEBUG_INFO = INCLUDE_SOURCE;
				MTL_FAST_MATH = YES;
				ONLY_ACTIVE_ARCH = YES;
				SDKROOT = iphoneos;
				SWIFT_ACTIVE_COMPILATION_CONDITIONS = DEBUG;
				SWIFT_OPTIMIZATION_LEVEL = "-Onone";
			};
			name = Debug;
		};
		1826569424CD90AC006DA1CA /* Release */ = {
			isa = XCBuildConfiguration;
			buildSettings = {
				ALWAYS_SEARCH_USER_PATHS = NO;
				CLANG_ANALYZER_NONNULL = YES;
				CLANG_ANALYZER_NUMBER_OBJECT_CONVERSION = YES_AGGRESSIVE;
				CLANG_CXX_LANGUAGE_STANDARD = "gnu++14";
				CLANG_CXX_LIBRARY = "libc++";
				CLANG_ENABLE_MODULES = YES;
				CLANG_ENABLE_OBJC_ARC = YES;
				CLANG_ENABLE_OBJC_WEAK = YES;
				CLANG_WARN_BLOCK_CAPTURE_AUTORELEASING = YES;
				CLANG_WARN_BOOL_CONVERSION = YES;
				CLANG_WARN_COMMA = YES;
				CLANG_WARN_CONSTANT_CONVERSION = YES;
				CLANG_WARN_DEPRECATED_OBJC_IMPLEMENTATIONS = YES;
				CLANG_WARN_DIRECT_OBJC_ISA_USAGE = YES_ERROR;
				CLANG_WARN_DOCUMENTATION_COMMENTS = YES;
				CLANG_WARN_EMPTY_BODY = YES;
				CLANG_WARN_ENUM_CONVERSION = YES;
				CLANG_WARN_INFINITE_RECURSION = YES;
				CLANG_WARN_INT_CONVERSION = YES;
				CLANG_WARN_NON_LITERAL_NULL_CONVERSION = YES;
				CLANG_WARN_OBJC_IMPLICIT_RETAIN_SELF = YES;
				CLANG_WARN_OBJC_LITERAL_CONVERSION = YES;
				CLANG_WARN_OBJC_ROOT_CLASS = YES_ERROR;
				CLANG_WARN_RANGE_LOOP_ANALYSIS = YES;
				CLANG_WARN_STRICT_PROTOTYPES = YES;
				CLANG_WARN_SUSPICIOUS_MOVE = YES;
				CLANG_WARN_UNGUARDED_AVAILABILITY = YES_AGGRESSIVE;
				CLANG_WARN_UNREACHABLE_CODE = YES;
				CLANG_WARN__DUPLICATE_METHOD_MATCH = YES;
				COPY_PHASE_STRIP = NO;
				DEBUG_INFORMATION_FORMAT = "dwarf-with-dsym";
				ENABLE_NS_ASSERTIONS = NO;
				ENABLE_STRICT_OBJC_MSGSEND = YES;
				GCC_C_LANGUAGE_STANDARD = gnu11;
				GCC_NO_COMMON_BLOCKS = YES;
				GCC_WARN_64_TO_32_BIT_CONVERSION = YES;
				GCC_WARN_ABOUT_RETURN_TYPE = YES_ERROR;
				GCC_WARN_UNDECLARED_SELECTOR = YES;
				GCC_WARN_UNINITIALIZED_AUTOS = YES_AGGRESSIVE;
				GCC_WARN_UNUSED_FUNCTION = YES;
				GCC_WARN_UNUSED_VARIABLE = YES;
				IPHONEOS_DEPLOYMENT_TARGET = 13.2;
				MTL_ENABLE_DEBUG_INFO = NO;
				MTL_FAST_MATH = YES;
				SDKROOT = iphoneos;
				SWIFT_COMPILATION_MODE = wholemodule;
				SWIFT_OPTIMIZATION_LEVEL = "-O";
				VALIDATE_PRODUCT = YES;
			};
			name = Release;
		};
		1826569624CD90AC006DA1CA /* Debug */ = {
			isa = XCBuildConfiguration;
			buildSettings = {
				ASSETCATALOG_COMPILER_APPICON_NAME = AppIcon;
				CODE_SIGN_STYLE = Automatic;
				INFOPLIST_FILE = MemeMe/Info.plist;
				LD_RUNPATH_SEARCH_PATHS = (
					"$(inherited)",
					"@executable_path/Frameworks",
				);
				PRODUCT_BUNDLE_IDENTIFIER = com.udacity.MemeMe;
				PRODUCT_NAME = "$(TARGET_NAME)";
				SWIFT_VERSION = 5.0;
				TARGETED_DEVICE_FAMILY = "1,2";
			};
			name = Debug;
		};
		1826569724CD90AC006DA1CA /* Release */ = {
			isa = XCBuildConfiguration;
			buildSettings = {
				ASSETCATALOG_COMPILER_APPICON_NAME = AppIcon;
				CODE_SIGN_STYLE = Automatic;
				INFOPLIST_FILE = MemeMe/Info.plist;
				LD_RUNPATH_SEARCH_PATHS = (
					"$(inherited)",
					"@executable_path/Frameworks",
				);
				PRODUCT_BUNDLE_IDENTIFIER = com.udacity.MemeMe;
				PRODUCT_NAME = "$(TARGET_NAME)";
				SWIFT_VERSION = 5.0;
				TARGETED_DEVICE_FAMILY = "1,2";
			};
			name = Release;
		};
/* End XCBuildConfiguration section */

/* Begin XCConfigurationList section */
		1826567C24CD90AC006DA1CA /* Build configuration list for PBXProject "MemeMe" */ = {
			isa = XCConfigurationList;
			buildConfigurations = (
				1826569324CD90AC006DA1CA /* Debug */,
				1826569424CD90AC006DA1CA /* Release */,
			);
			defaultConfigurationIsVisible = 0;
			defaultConfigurationName = Release;
		};
		1826569524CD90AC006DA1CA /* Build configuration list for PBXNativeTarget "MemeMe" */ = {
			isa = XCConfigurationList;
			buildConfigurations = (
				1826569624CD90AC006DA1CA /* Debug */,
				1826569724CD90AC006DA1CA /* Release */,
			);
			defaultConfigurationIsVisible = 0;
			defaultConfigurationName = Release;
		};
/* End XCConfigurationList section */
	};
	rootObject = 1826567924CD90AC006DA1CA /* Project object */;
}
